Microsoft Visual Studio Solution File, Format Version 11.00
# Visual Studio 2008

Project("{E9FD60D1-E02C-3D93-CFD9-F18B0B9F3533}") = "Nazi - Copy", "Assembly-CSharp.csproj", "{7E5985C9-62A5-86F7-15D3-0798D5D967F1}"
EndProject
Project("{E9FD60D1-E02C-3D93-CFD9-F18B0B9F3533}") = "Nazi - Copy", "Assembly-CSharp-Editor.csproj", "{87B68D10-90CD-2460-FB7A-2E1C3A2B4083}"
EndProject
Global
	GlobalSection(SolutionConfigurationPlatforms) = preSolution
		Debug|Any CPU = Debug|Any CPU
		Release|Any CPU = Release|Any CPU
	EndGlobalSection
	GlobalSection(ProjectConfigurationPlatforms) = postSolution
		{7E5985C9-62A5-86F7-15D3-0798D5D967F1}.Debug|Any CPU.ActiveCfg = Debug|Any CPU
		{7E5985C9-62A5-86F7-15D3-0798D5D967F1}.Debug|Any CPU.Build.0 = Debug|Any CPU
		{7E5985C9-62A5-86F7-15D3-0798D5D967F1}.Release|Any CPU.ActiveCfg = Release|Any CPU
		{7E5985C9-62A5-86F7-15D3-0798D5D967F1}.Release|Any CPU.Build.0 = Release|Any CPU
		{87B68D10-90CD-2460-FB7A-2E1C3A2B4083}.Debug|Any CPU.ActiveCfg = Debug|Any CPU
		{87B68D10-90CD-2460-FB7A-2E1C3A2B4083}.Debug|Any CPU.Build.0 = Debug|Any CPU
		{87B68D10-90CD-2460-FB7A-2E1C3A2B4083}.Release|Any CPU.ActiveCfg = Release|Any CPU
		{87B68D10-90CD-2460-FB7A-2E1C3A2B4083}.Release|Any CPU.Build.0 = Release|Any CPU
	EndGlobalSection
	GlobalSection(SolutionProperties) = preSolution
		HideSolutionNode = FALSE
	EndGlobalSection
	GlobalSection(MonoDevelopProperties) = preSolution
		StartupItem = Assembly-CSharp.csproj
	EndGlobalSection
EndGlobal
